<?xml version="1.0" encoding="utf-8"?>
<Project ToolsVersion="4.0" xmlns="http://schemas.microsoft.com/developer/msbuild/2003">
  <ItemGroup>
    <Filter Include="源文件">
      <UniqueIdentifier>{4FC737F1-C7A5-4376-A066-2A32D752A2FF}</UniqueIdentifier>
      <Extensions>cpp;c;cc;cxx;def;odl;idl;hpj;bat;asm;asmx</Extensions>
    </Filter>
    <Filter Include="头文件">
      <UniqueIdentifier>{93995380-89BD-4b04-88EB-625FBE52EBFB}</UniqueIdentifier>
      <Extensions>h;hh;hpp;hxx;hm;inl;inc;xsd</Extensions>
    </Filter>
    <Filter Include="资源文件">
      <UniqueIdentifier>{67DA6AB6-F800-4c08-8B7A-83BB121AAD01}</UniqueIdentifier>
      <Extensions>rc;ico;cur;bmp;dlg;rc2;rct;bin;rgs;gif;jpg;jpeg;jpe;resx;tiff;tif;png;wav;mfcribbon-ms</Extensions>
    </Filter>
    <Filter Include="源文件\apps">
      <UniqueIdentifier>{11be099d-6f27-497c-b5dd-4c56598667d3}</UniqueIdentifier>
    </Filter>
<Filter Include="源文件\ms">
      <UniqueIdentifier>{7ed3cbcd-6eae-4d8d-8b17-02264beff754}</UniqueIdentifier>
    </Filter>
  </ItemGroup>
  <ItemGroup>
    <Text Include="ReadMe.txt" />
  </ItemGroup>
  <ItemGroup>
    <ClCompile Include="apps\app_rand.c">
      <Filter>源文件\apps</Filter>
    </ClCompile>
<ClCompile Include="apps\apps.c">
      <Filter>源文件\apps</Filter>
    </ClCompile>
<ClCompile Include="apps\asn1pars.c">
      <Filter>源文件\apps</Filter>
    </ClCompile>
<ClCompile Include="apps\ca.c">
      <Filter>源文件\apps</Filter>
    </ClCompile>
<ClCompile Include="apps\ciphers.c">
      <Filter>源文件\apps</Filter>
    </ClCompile>
<ClCompile Include="apps\cms.c">
      <Filter>源文件\apps</Filter>
    </ClCompile>
<ClCompile Include="apps\crl.c">
      <Filter>源文件\apps</Filter>
    </ClCompile>
<ClCompile Include="apps\crl2p7.c">
      <Filter>源文件\apps</Filter>
    </ClCompile>
<ClCompile Include="apps\dgst.c">
      <Filter>源文件\apps</Filter>
    </ClCompile>
<ClCompile Include="apps\dhparam.c">
      <Filter>源文件\apps</Filter>
    </ClCompile>
<ClCompile Include="apps\dsa.c">
      <Filter>源文件\apps</Filter>
    </ClCompile>
<ClCompile Include="apps\dsaparam.c">
      <Filter>源文件\apps</Filter>
    </ClCompile>
<ClCompile Include="apps\ec.c">
      <Filter>源文件\apps</Filter>
    </ClCompile>
<ClCompile Include="apps\ecparam.c">
      <Filter>源文件\apps</Filter>
    </ClCompile>
<ClCompile Include="apps\enc.c">
      <Filter>源文件\apps</Filter>
    </ClCompile>
<ClCompile Include="apps\engine.c">
      <Filter>源文件\apps</Filter>
    </ClCompile>
<ClCompile Include="apps\errstr.c">
      <Filter>源文件\apps</Filter>
    </ClCompile>
<ClCompile Include="apps\gendsa.c">
      <Filter>源文件\apps</Filter>
    </ClCompile>
<ClCompile Include="apps\genpkey.c">
      <Filter>源文件\apps</Filter>
    </ClCompile>
<ClCompile Include="apps\genrsa.c">
      <Filter>源文件\apps</Filter>
    </ClCompile>
<ClCompile Include="apps\nseq.c">
      <Filter>源文件\apps</Filter>
    </ClCompile>
<ClCompile Include="apps\ocsp.c">
      <Filter>源文件\apps</Filter>
    </ClCompile>
<ClCompile Include="apps\openssl.c">
      <Filter>源文件\apps</Filter>
    </ClCompile>
<ClCompile Include="apps\opt.c">
      <Filter>源文件\apps</Filter>
    </ClCompile>
<ClCompile Include="apps\passwd.c">
      <Filter>源文件\apps</Filter>
    </ClCompile>
<ClCompile Include="apps\pkcs12.c">
      <Filter>源文件\apps</Filter>
    </ClCompile>
<ClCompile Include="apps\pkcs7.c">
      <Filter>源文件\apps</Filter>
    </ClCompile>
<ClCompile Include="apps\pkcs8.c">
      <Filter>源文件\apps</Filter>
    </ClCompile>
<ClCompile Include="apps\pkey.c">
      <Filter>源文件\apps</Filter>
    </ClCompile>
<ClCompile Include="apps\pkeyparam.c">
      <Filter>源文件\apps</Filter>
    </ClCompile>
<ClCompile Include="apps\pkeyutl.c">
      <Filter>源文件\apps</Filter>
    </ClCompile>
<ClCompile Include="apps\prime.c">
      <Filter>源文件\apps</Filter>
    </ClCompile>
<ClCompile Include="apps\rand.c">
      <Filter>源文件\apps</Filter>
    </ClCompile>
<ClCompile Include="apps\rehash.c">
      <Filter>源文件\apps</Filter>
    </ClCompile>
<ClCompile Include="apps\req.c">
      <Filter>源文件\apps</Filter>
    </ClCompile>
<ClCompile Include="apps\rsa.c">
      <Filter>源文件\apps</Filter>
    </ClCompile>
<ClCompile Include="apps\rsautl.c">
      <Filter>源文件\apps</Filter>
    </ClCompile>
<ClCompile Include="apps\s_cb.c">
      <Filter>源文件\apps</Filter>
    </ClCompile>
<ClCompile Include="apps\s_client.c">
      <Filter>源文件\apps</Filter>
    </ClCompile>
<ClCompile Include="apps\s_server.c">
      <Filter>源文件\apps</Filter>
    </ClCompile>
<ClCompile Include="apps\s_socket.c">
      <Filter>源文件\apps</Filter>
    </ClCompile>
<ClCompile Include="apps\s_time.c">
      <Filter>源文件\apps</Filter>
    </ClCompile>
<ClCompile Include="apps\sess_id.c">
      <Filter>源文件\apps</Filter>
    </ClCompile>
<ClCompile Include="apps\smime.c">
      <Filter>源文件\apps</Filter>
    </ClCompile>
<ClCompile Include="apps\speed.c">
      <Filter>源文件\apps</Filter>
    </ClCompile>
<ClCompile Include="apps\spkac.c">
      <Filter>源文件\apps</Filter>
    </ClCompile>
<ClCompile Include="apps\srp.c">
      <Filter>源文件\apps</Filter>
    </ClCompile>
<ClCompile Include="apps\ts.c">
      <Filter>源文件\apps</Filter>
    </ClCompile>
<ClCompile Include="apps\verify.c">
      <Filter>源文件\apps</Filter>
    </ClCompile>
<ClCompile Include="apps\version.c">
      <Filter>源文件\apps</Filter>
    </ClCompile>
<ClCompile Include="apps\win32_init.c">
      <Filter>源文件\apps</Filter>
    </ClCompile>
<ClCompile Include="apps\x509.c">
      <Filter>源文件\apps</Filter>
    </ClCompile>
<ClCompile Include="ms\applink.c">
      <Filter>源文件\ms</Filter>
    </ClCompile>
  </ItemGroup>
</Project>