<?xml version="1.0" encoding="utf-8"?>
<Project ToolsVersion="4.0" xmlns="http://schemas.microsoft.com/developer/msbuild/2003">
  <ItemGroup>
    <Filter Include="FMath">
      <UniqueIdentifier>{964cd296-29b2-4bf2-b0f5-28368c539158}</UniqueIdentifier>
    </Filter>
    <Filter Include="FMath\Collection">
      <UniqueIdentifier>{20d8ff08-0c78-4984-bc4e-8479117e7b69}</UniqueIdentifier>
    </Filter>
    <Filter Include="FMath\Color">
      <UniqueIdentifier>{1e9f82ed-d200-4039-a386-11c44865b628}</UniqueIdentifier>
    </Filter>
    <Filter Include="FMath\Interpolation">
      <UniqueIdentifier>{013463c6-1c0e-42e1-a223-fe9e6b319c42}</UniqueIdentifier>
    </Filter>
    <Filter Include="FMath\Scalar">
      <UniqueIdentifier>{f8c6b88b-8db4-423a-9ba1-6e7baba8a22f}</UniqueIdentifier>
    </Filter>
    <Filter Include="FMath\Vector">
      <UniqueIdentifier>{f9e842c5-011a-4fb1-b959-f4d43050cd75}</UniqueIdentifier>
    </Filter>
    <Filter Include="FMath\Volume">
      <UniqueIdentifier>{b8371bd4-4d32-46e6-8422-88170a84fac6}</UniqueIdentifier>
    </Filter>
    <Filter Include="FMath\Transforms">
      <UniqueIdentifier>{b1df4f90-a639-4a7c-a7a4-ec13a15bff09}</UniqueIdentifier>
    </Filter>
    <Filter Include="FMath\Transforms\Matrix">
      <UniqueIdentifier>{f9fc1f10-5c43-4784-a518-b26a5284beff}</UniqueIdentifier>
    </Filter>
    <Filter Include="FMath\Transforms\Quaternion">
      <UniqueIdentifier>{62e68aa2-31e4-4cb4-b0f5-11265d574ffd}</UniqueIdentifier>
    </Filter>
    <Filter Include="PCH">
      <UniqueIdentifier>{68bd2e52-962a-4327-a164-8e0252425d7b}</UniqueIdentifier>
    </Filter>
    <Filter Include="FUtils">
      <UniqueIdentifier>{eac5be32-6c4f-4be5-8ec2-86556a90d072}</UniqueIdentifier>
    </Filter>
    <Filter Include="FUtils\CRC32">
      <UniqueIdentifier>{268dd79d-b139-4096-a94e-e36564aedcb6}</UniqueIdentifier>
    </Filter>
    <Filter Include="FUtils\Debug">
      <UniqueIdentifier>{f4521000-167f-45ee-9b4a-ac34af998aa5}</UniqueIdentifier>
    </Filter>
    <Filter Include="FUtils\File System">
      <UniqueIdentifier>{fd76b732-8308-448f-ac1b-f56b3ba2e4cb}</UniqueIdentifier>
    </Filter>
    <Filter Include="FUtils\File System\Plugins">
      <UniqueIdentifier>{9de0e1ec-04a7-4d29-add2-0d9cb95b6854}</UniqueIdentifier>
    </Filter>
    <Filter Include="FUtils\File System\Files">
      <UniqueIdentifier>{d3ee714b-0d18-47ad-9f48-770bc1651ebb}</UniqueIdentifier>
    </Filter>
    <Filter Include="FUtils\Patterns">
      <UniqueIdentifier>{d53c6d82-c070-48b2-9550-dc66d3ade572}</UniqueIdentifier>
    </Filter>
    <Filter Include="FUtils\Patterns\Parameters">
      <UniqueIdentifier>{8da0fbbe-9456-435a-8689-a20a547ba18c}</UniqueIdentifier>
    </Filter>
    <Filter Include="FUtils\Patterns\Functors &amp; Events">
      <UniqueIdentifier>{ba6aad0c-48ea-439c-a4bd-28d3891a2e64}</UniqueIdentifier>
    </Filter>
    <Filter Include="FUtils\Patterns\Base Objects">
      <UniqueIdentifier>{1d866ebe-4588-4269-a410-313adb202bfc}</UniqueIdentifier>
    </Filter>
    <Filter Include="FUtils\Strings">
      <UniqueIdentifier>{2839fc3d-2e25-4564-9241-b28120888e0f}</UniqueIdentifier>
    </Filter>
    <Filter Include="FUtils\Structures">
      <UniqueIdentifier>{d46f258b-7a40-4623-88e2-4c3b919ed4e7}</UniqueIdentifier>
    </Filter>
    <Filter Include="FUtils\XML">
      <UniqueIdentifier>{294d2aa2-e3c6-46c7-adfa-39f76667a058}</UniqueIdentifier>
    </Filter>
    <Filter Include="FUtils\Base64">
      <UniqueIdentifier>{7ea50059-d436-4d8b-b6c9-dc8ae1cdc619}</UniqueIdentifier>
    </Filter>
    <Filter Include="FUtils\Synchronization">
      <UniqueIdentifier>{adb34202-52b3-442c-b422-376e33dfbea5}</UniqueIdentifier>
    </Filter>
    <Filter Include="FCDocument">
      <UniqueIdentifier>{ff810fcc-b219-45df-b029-0f70fe9f4e8e}</UniqueIdentifier>
    </Filter>
    <Filter Include="FCDocument\Instantiation">
      <UniqueIdentifier>{16b46b79-fb8d-4d5d-a9db-a4c052ef1206}</UniqueIdentifier>
    </Filter>
    <Filter Include="FCDocument\Libraries">
      <UniqueIdentifier>{852cc45c-c56a-4376-951b-22656902289b}</UniqueIdentifier>
    </Filter>
    <Filter Include="FCDocument\Libraries\Animations">
      <UniqueIdentifier>{b123ea80-7688-4ca9-95f7-b49907008011}</UniqueIdentifier>
    </Filter>
    <Filter Include="FCDocument\Libraries\Animations\Animated &amp; ParameterAnimatable">
      <UniqueIdentifier>{af0489d3-e13b-4633-aefc-b2c0de3b7c0f}</UniqueIdentifier>
    </Filter>
    <Filter Include="FCDocument\Libraries\Geometries">
      <UniqueIdentifier>{1bf14768-0384-49de-9576-103775fe76d7}</UniqueIdentifier>
    </Filter>
    <Filter Include="FCDocument\Libraries\Materials">
      <UniqueIdentifier>{64b672bb-6307-4d13-b71f-e93a7f75c0da}</UniqueIdentifier>
    </Filter>
    <Filter Include="FCDocument\Libraries\Materials\Effects">
      <UniqueIdentifier>{e6067052-a698-41ae-969d-3c2afb16855d}</UniqueIdentifier>
    </Filter>
    <Filter Include="FCDocument\Libraries\Materials\Images and Textures">
      <UniqueIdentifier>{d73cf148-e112-4d45-80e6-3bf72fff0cdb}</UniqueIdentifier>
    </Filter>
    <Filter Include="FCDocument\Libraries\Controllers">
      <UniqueIdentifier>{c4866416-3977-4e09-b933-22d8d4832bd8}</UniqueIdentifier>
    </Filter>
    <Filter Include="FCDocument\Libraries\Cameras and Lights">
      <UniqueIdentifier>{cb0f5377-127d-4800-9467-68750ffd091f}</UniqueIdentifier>
    </Filter>
    <Filter Include="FCDocument\Libraries\Emitters">
      <UniqueIdentifier>{94f151c3-f3df-49da-a412-8eba73100e6c}</UniqueIdentifier>
    </Filter>
    <Filter Include="FCDocument\Libraries\ForceFields">
      <UniqueIdentifier>{9b90bee3-9d48-4f9b-99d1-c3841318dfd7}</UniqueIdentifier>
    </Filter>
    <Filter Include="FCDocument\Document">
      <UniqueIdentifier>{71ef8dfe-a9b7-4686-8e04-7e43cb13a190}</UniqueIdentifier>
    </Filter>
    <Filter Include="FCDocument\Document\Extra">
      <UniqueIdentifier>{af89d2cc-bea5-49a8-bf9a-128f85ba3bf3}</UniqueIdentifier>
    </Filter>
    <Filter Include="FCDocument\Document\External References">
      <UniqueIdentifier>{f648d672-1ab0-437a-b82f-636599829490}</UniqueIdentifier>
    </Filter>
    <Filter Include="FCDocument\Physics">
      <UniqueIdentifier>{0c2948fa-6cd1-4f6a-9c22-d47095f503d4}</UniqueIdentifier>
    </Filter>
    <Filter Include="FCDocument\Physics\Parameters">
      <UniqueIdentifier>{225da793-40f8-46f1-99b7-3e1545532737}</UniqueIdentifier>
    </Filter>
    <Filter Include="FCDocument\Scene Graph">
      <UniqueIdentifier>{5a925770-665f-4e56-a6e3-5643c1344a04}</UniqueIdentifier>
    </Filter>
    <Filter Include="FCDocument\Object">
      <UniqueIdentifier>{c858f6e4-1ffc-479b-a92e-fcd17e1a65d6}</UniqueIdentifier>
    </Filter>
    <Filter Include="FCollada">
      <UniqueIdentifier>{8f95a5ef-b978-4d20-beaa-3bad7ca2d2f8}</UniqueIdentifier>
    </Filter>
  </ItemGroup>
  <ItemGroup>
    <ClInclude Include="FMath\FMath.h">
      <Filter>FMath</Filter>
    </ClInclude>
    <ClInclude Include="FMath\FMAllocator.h">
      <Filter>FMath\Collection</Filter>
    </ClInclude>
    <ClInclude Include="FMath\FMArray.h">
      <Filter>FMath\Collection</Filter>
    </ClInclude>
    <ClInclude Include="FMath\FMArrayPointer.h">
      <Filter>FMath\Collection</Filter>
    </ClInclude>
    <ClInclude Include="FMath\FMSort.h">
      <Filter>FMath\Collection</Filter>
    </ClInclude>
    <ClInclude Include="FMath\FMTree.h">
      <Filter>FMath\Collection</Filter>
    </ClInclude>
    <ClInclude Include="FMath\FMColor.h">
      <Filter>FMath\Color</Filter>
    </ClInclude>
    <ClInclude Include="FMath\FMInterpolation.h">
      <Filter>FMath\Interpolation</Filter>
    </ClInclude>
    <ClInclude Include="FMath\FMFloat.h">
      <Filter>FMath\Scalar</Filter>
    </ClInclude>
    <ClInclude Include="FMath\FMInteger.h">
      <Filter>FMath\Scalar</Filter>
    </ClInclude>
    <ClInclude Include="FMath\FMRandom.h">
      <Filter>FMath\Scalar</Filter>
    </ClInclude>
    <ClInclude Include="FMath\FMVector2.h">
      <Filter>FMath\Vector</Filter>
    </ClInclude>
    <ClInclude Include="FMath\FMVector3.h">
      <Filter>FMath\Vector</Filter>
    </ClInclude>
    <ClInclude Include="FMath\FMVector4.h">
      <Filter>FMath\Vector</Filter>
    </ClInclude>
    <ClInclude Include="FMath\FMVolume.h">
      <Filter>FMath\Volume</Filter>
    </ClInclude>
    <ClInclude Include="FMath\FMAngleAxis.h">
      <Filter>FMath\Transforms</Filter>
    </ClInclude>
    <ClInclude Include="FMath\FMLookAt.h">
      <Filter>FMath\Transforms</Filter>
    </ClInclude>
    <ClInclude Include="FMath\FMSkew.h">
      <Filter>FMath\Transforms</Filter>
    </ClInclude>
    <ClInclude Include="FMath\FMMatrix33.h">
      <Filter>FMath\Transforms\Matrix</Filter>
    </ClInclude>
    <ClInclude Include="FMath\FMMatrix44.h">
      <Filter>FMath\Transforms\Matrix</Filter>
    </ClInclude>
    <ClInclude Include="FMath\FMQuaternion.h">
      <Filter>FMath\Transforms\Quaternion</Filter>
    </ClInclude>
    <ClInclude Include="StdAfx.h">
      <Filter>PCH</Filter>
    </ClInclude>
    <ClInclude Include="FUtils\FUDaeEnum.h">
      <Filter>FUtils</Filter>
    </ClInclude>
    <ClInclude Include="FUtils\FUDaeSyntax.h">
      <Filter>FUtils</Filter>
    </ClInclude>
    <ClInclude Include="FUtils\FUtils.h">
      <Filter>FUtils</Filter>
    </ClInclude>
    <ClInclude Include="FUtils\FUUri.h">
      <Filter>FUtils</Filter>
    </ClInclude>
    <ClInclude Include="FUtils\Platforms.h">
      <Filter>FUtils</Filter>
    </ClInclude>
    <ClInclude Include="FUtils\FUCrc32.h">
      <Filter>FUtils\CRC32</Filter>
    </ClInclude>
    <ClInclude Include="FUtils\FUAssert.h">
      <Filter>FUtils\Debug</Filter>
    </ClInclude>
    <ClInclude Include="FUtils\FUDebug.h">
      <Filter>FUtils\Debug</Filter>
    </ClInclude>
    <ClInclude Include="FUtils\FUTestBed.h">
      <Filter>FUtils\Debug</Filter>
    </ClInclude>
    <ClInclude Include="FUtils\FUPlugin.h">
      <Filter>FUtils\File System\Plugins</Filter>
    </ClInclude>
    <ClInclude Include="FUtils\FUPluginManager.h">
      <Filter>FUtils\File System\Plugins</Filter>
    </ClInclude>
    <ClInclude Include="FUtils\FUFile.h">
      <Filter>FUtils\File System\Files</Filter>
    </ClInclude>
    <ClInclude Include="FUtils\FUFileManager.h">
      <Filter>FUtils\File System\Files</Filter>
    </ClInclude>
    <ClInclude Include="FUtils\FULogFile.h">
      <Filter>FUtils\File System\Files</Filter>
    </ClInclude>
    <ClInclude Include="FUtils\FUSingleton.h">
      <Filter>FUtils\Patterns</Filter>
    </ClInclude>
    <ClInclude Include="FUtils\FUParameter.h">
      <Filter>FUtils\Patterns\Parameters</Filter>
    </ClInclude>
    <ClInclude Include="FUtils\FUParameter.hpp">
      <Filter>FUtils\Patterns\Parameters</Filter>
    </ClInclude>
    <ClInclude Include="FUtils\FUEvent.h">
      <Filter>FUtils\Patterns\Functors &amp; Events</Filter>
    </ClInclude>
    <ClInclude Include="FUtils\FUFunctor.h">
      <Filter>FUtils\Patterns\Functors &amp; Events</Filter>
    </ClInclude>
    <ClInclude Include="FUtils\FUObject.h">
      <Filter>FUtils\Patterns\Base Objects</Filter>
    </ClInclude>
    <ClInclude Include="FUtils\FUObjectType.h">
      <Filter>FUtils\Patterns\Base Objects</Filter>
    </ClInclude>
    <ClInclude Include="FUtils\FUParameterizable.h">
      <Filter>FUtils\Patterns\Base Objects</Filter>
    </ClInclude>
    <ClInclude Include="FUtils\FUTracker.h">
      <Filter>FUtils\Patterns\Base Objects</Filter>
    </ClInclude>
    <ClInclude Include="FUtils\FUString.h">
      <Filter>FUtils\Strings</Filter>
    </ClInclude>
    <ClInclude Include="FUtils\FUStringBuilder.h">
      <Filter>FUtils\Strings</Filter>
    </ClInclude>
    <ClInclude Include="FUtils\FUStringBuilder.hpp">
      <Filter>FUtils\Strings</Filter>
    </ClInclude>
    <ClInclude Include="FUtils\FUStringConversion.h">
      <Filter>FUtils\Strings</Filter>
    </ClInclude>
    <ClInclude Include="FUtils\FUStringConversion.hpp">
      <Filter>FUtils\Strings</Filter>
    </ClInclude>
    <ClInclude Include="FUtils\FUUniqueStringMap.h">
      <Filter>FUtils\Strings</Filter>
    </ClInclude>
    <ClInclude Include="FUtils\FUBoundingBox.h">
      <Filter>FUtils\Structures</Filter>
    </ClInclude>
    <ClInclude Include="FUtils\FUBoundingSphere.h">
      <Filter>FUtils\Structures</Filter>
    </ClInclude>
    <ClInclude Include="FUtils\FUDateTime.h">
      <Filter>FUtils\Structures</Filter>
    </ClInclude>
    <ClInclude Include="FUtils\FUError.h">
      <Filter>FUtils\Structures</Filter>
    </ClInclude>
    <ClInclude Include="FUtils\FUErrorLog.h">
      <Filter>FUtils\Structures</Filter>
    </ClInclude>
    <ClInclude Include="FUtils\FUXmlDocument.h">
      <Filter>FUtils\XML</Filter>
    </ClInclude>
    <ClInclude Include="FUtils\FUXmlParser.h">
      <Filter>FUtils\XML</Filter>
    </ClInclude>
    <ClInclude Include="FUtils\FUXmlWriter.h">
      <Filter>FUtils\XML</Filter>
    </ClInclude>
    <ClInclude Include="FUtils\FUBase64.h">
      <Filter>FUtils\Base64</Filter>
    </ClInclude>
    <ClInclude Include="FUtils\FUCriticalSection.h">
      <Filter>FUtils\Synchronization</Filter>
    </ClInclude>
    <ClInclude Include="FUtils\FUSemaphore.h">
      <Filter>FUtils\Synchronization</Filter>
    </ClInclude>
    <ClInclude Include="FUtils\FUSynchronizableObject.h">
      <Filter>FUtils\Synchronization</Filter>
    </ClInclude>
    <ClInclude Include="FUtils\FUThread.h">
      <Filter>FUtils\Synchronization</Filter>
    </ClInclude>
    <ClInclude Include="FCDocument\FCDControllerInstance.h">
      <Filter>FCDocument\Instantiation</Filter>
    </ClInclude>
    <ClInclude Include="FCDocument\FCDEmitterInstance.h">
      <Filter>FCDocument\Instantiation</Filter>
    </ClInclude>
    <ClInclude Include="FCDocument\FCDEntityInstance.h">
      <Filter>FCDocument\Instantiation</Filter>
    </ClInclude>
    <ClInclude Include="FCDocument\FCDGeometryInstance.h">
      <Filter>FCDocument\Instantiation</Filter>
    </ClInclude>
    <ClInclude Include="FCDocument\FCDMaterialInstance.h">
      <Filter>FCDocument\Instantiation</Filter>
    </ClInclude>
    <ClInclude Include="FCDocument\FCDPhysicsForceFieldInstance.h">
      <Filter>FCDocument\Instantiation</Filter>
    </ClInclude>
    <ClInclude Include="FCDocument\FCDPhysicsModelInstance.h">
      <Filter>FCDocument\Instantiation</Filter>
    </ClInclude>
    <ClInclude Include="FCDocument\FCDPhysicsRigidBodyInstance.h">
      <Filter>FCDocument\Instantiation</Filter>
    </ClInclude>
    <ClInclude Include="FCDocument\FCDPhysicsRigidConstraintInstance.h">
      <Filter>FCDocument\Instantiation</Filter>
    </ClInclude>
    <ClInclude Include="FCDocument\FCDLibrary.h">
      <Filter>FCDocument\Libraries</Filter>
    </ClInclude>
    <ClInclude Include="FCDocument\FCDLibrary.hpp">
      <Filter>FCDocument\Libraries</Filter>
    </ClInclude>
    <ClInclude Include="FCDocument\FCDAnimation.h">
      <Filter>FCDocument\Libraries\Animations</Filter>
    </ClInclude>
    <ClInclude Include="FCDocument\FCDAnimationChannel.h">
      <Filter>FCDocument\Libraries\Animations</Filter>
    </ClInclude>
    <ClInclude Include="FCDocument\FCDAnimationClip.h">
      <Filter>FCDocument\Libraries\Animations</Filter>
    </ClInclude>
    <ClInclude Include="FCDocument\FCDAnimationClipTools.h">
      <Filter>FCDocument\Libraries\Animations</Filter>
    </ClInclude>
    <ClInclude Include="FCDocument\FCDAnimationCurve.h">
      <Filter>FCDocument\Libraries\Animations</Filter>
    </ClInclude>
    <ClInclude Include="FCDocument\FCDAnimationCurveTools.h">
      <Filter>FCDocument\Libraries\Animations</Filter>
    </ClInclude>
    <ClInclude Include="FCDocument\FCDAnimationKey.h">
      <Filter>FCDocument\Libraries\Animations</Filter>
    </ClInclude>
    <ClInclude Include="FCDocument\FCDAnimationMultiCurve.h">
      <Filter>FCDocument\Libraries\Animations</Filter>
    </ClInclude>
    <ClInclude Include="FCDocument\FCDAnimated.h">
      <Filter>FCDocument\Libraries\Animations\Animated &amp; ParameterAnimatable</Filter>
    </ClInclude>
    <ClInclude Include="FCDocument\FCDParameterAnimatable.h">
      <Filter>FCDocument\Libraries\Animations\Animated &amp; ParameterAnimatable</Filter>
    </ClInclude>
    <ClInclude Include="FCDocument\FCDParameterAnimatable.hpp">
      <Filter>FCDocument\Libraries\Animations\Animated &amp; ParameterAnimatable</Filter>
    </ClInclude>
    <ClInclude Include="FCDocument\FCDGeometry.h">
      <Filter>FCDocument\Libraries\Geometries</Filter>
    </ClInclude>
    <ClInclude Include="FCDocument\FCDGeometryMesh.h">
      <Filter>FCDocument\Libraries\Geometries</Filter>
    </ClInclude>
    <ClInclude Include="FCDocument\FCDGeometryNURBSSurface.h">
      <Filter>FCDocument\Libraries\Geometries</Filter>
    </ClInclude>
    <ClInclude Include="FCDocument\FCDGeometryPolygons.h">
      <Filter>FCDocument\Libraries\Geometries</Filter>
    </ClInclude>
    <ClInclude Include="FCDocument\FCDGeometryPolygonsInput.h">
      <Filter>FCDocument\Libraries\Geometries</Filter>
    </ClInclude>
    <ClInclude Include="FCDocument\FCDGeometryPolygonsTools.h">
      <Filter>FCDocument\Libraries\Geometries</Filter>
    </ClInclude>
    <ClInclude Include="FCDocument\FCDGeometrySource.h">
      <Filter>FCDocument\Libraries\Geometries</Filter>
    </ClInclude>
    <ClInclude Include="FCDocument\FCDGeometrySpline.h">
      <Filter>FCDocument\Libraries\Geometries</Filter>
    </ClInclude>
    <ClInclude Include="FCDocument\FCDMaterial.h">
      <Filter>FCDocument\Libraries\Materials</Filter>
    </ClInclude>
    <ClInclude Include="FCDocument\FCDEffect.h">
      <Filter>FCDocument\Libraries\Materials\Effects</Filter>
    </ClInclude>
    <ClInclude Include="FCDocument\FCDEffectCode.h">
      <Filter>FCDocument\Libraries\Materials\Effects</Filter>
    </ClInclude>
    <ClInclude Include="FCDocument\FCDEffectParameter.h">
      <Filter>FCDocument\Libraries\Materials\Effects</Filter>
    </ClInclude>
    <ClInclude Include="FCDocument\FCDEffectParameter.hpp">
      <Filter>FCDocument\Libraries\Materials\Effects</Filter>
    </ClInclude>
    <ClInclude Include="FCDocument\FCDEffectParameterFactory.h">
      <Filter>FCDocument\Libraries\Materials\Effects</Filter>
    </ClInclude>
    <ClInclude Include="FCDocument\FCDEffectParameterSampler.h">
      <Filter>FCDocument\Libraries\Materials\Effects</Filter>
    </ClInclude>
    <ClInclude Include="FCDocument\FCDEffectParameterSurface.h">
      <Filter>FCDocument\Libraries\Materials\Effects</Filter>
    </ClInclude>
    <ClInclude Include="FCDocument\FCDEffectPass.h">
      <Filter>FCDocument\Libraries\Materials\Effects</Filter>
    </ClInclude>
    <ClInclude Include="FCDocument\FCDEffectPassShader.h">
      <Filter>FCDocument\Libraries\Materials\Effects</Filter>
    </ClInclude>
    <ClInclude Include="FCDocument\FCDEffectPassState.h">
      <Filter>FCDocument\Libraries\Materials\Effects</Filter>
    </ClInclude>
    <ClInclude Include="FCDocument\FCDEffectProfile.h">
      <Filter>FCDocument\Libraries\Materials\Effects</Filter>
    </ClInclude>
    <ClInclude Include="FCDocument\FCDEffectProfileFX.h">
      <Filter>FCDocument\Libraries\Materials\Effects</Filter>
    </ClInclude>
    <ClInclude Include="FCDocument\FCDEffectStandard.h">
      <Filter>FCDocument\Libraries\Materials\Effects</Filter>
    </ClInclude>
    <ClInclude Include="FCDocument\FCDEffectTechnique.h">
      <Filter>FCDocument\Libraries\Materials\Effects</Filter>
    </ClInclude>
    <ClInclude Include="FCDocument\FCDEffectTools.h">
      <Filter>FCDocument\Libraries\Materials\Effects</Filter>
    </ClInclude>
    <ClInclude Include="FCDocument\FCDImage.h">
      <Filter>FCDocument\Libraries\Materials\Images and Textures</Filter>
    </ClInclude>
    <ClInclude Include="FCDocument\FCDTexture.h">
      <Filter>FCDocument\Libraries\Materials\Images and Textures</Filter>
    </ClInclude>
    <ClInclude Include="FCDocument\FCDController.h">
      <Filter>FCDocument\Libraries\Controllers</Filter>
    </ClInclude>
    <ClInclude Include="FCDocument\FCDControllerTools.h">
      <Filter>FCDocument\Libraries\Controllers</Filter>
    </ClInclude>
    <ClInclude Include="FCDocument\FCDMorphController.h">
      <Filter>FCDocument\Libraries\Controllers</Filter>
    </ClInclude>
    <ClInclude Include="FCDocument\FCDSkinController.h">
      <Filter>FCDocument\Libraries\Controllers</Filter>
    </ClInclude>
    <ClInclude Include="FCDocument\FCDCamera.h">
      <Filter>FCDocument\Libraries\Cameras and Lights</Filter>
    </ClInclude>
    <ClInclude Include="FCDocument\FCDLight.h">
      <Filter>FCDocument\Libraries\Cameras and Lights</Filter>
    </ClInclude>
    <ClInclude Include="FCDocument\FCDLightTools.h">
      <Filter>FCDocument\Libraries\Cameras and Lights</Filter>
    </ClInclude>
    <ClInclude Include="FCDocument\FCDEmitter.h">
      <Filter>FCDocument\Libraries\Emitters</Filter>
    </ClInclude>
    <ClInclude Include="FCDocument\FCDEmitterObject.h">
      <Filter>FCDocument\Libraries\Emitters</Filter>
    </ClInclude>
    <ClInclude Include="FCDocument\FCDEmitterParticle.h">
      <Filter>FCDocument\Libraries\Emitters</Filter>
    </ClInclude>
    <ClInclude Include="FCDocument\FCDForceDeflector.h">
      <Filter>FCDocument\Libraries\ForceFields</Filter>
    </ClInclude>
    <ClInclude Include="FCDocument\FCDForceDrag.h">
      <Filter>FCDocument\Libraries\ForceFields</Filter>
    </ClInclude>
    <ClInclude Include="FCDocument\FCDForceField.h">
      <Filter>FCDocument\Libraries\ForceFields</Filter>
    </ClInclude>
    <ClInclude Include="FCDocument\FCDForceGravity.h">
      <Filter>FCDocument\Libraries\ForceFields</Filter>
    </ClInclude>
    <ClInclude Include="FCDocument\FCDForcePBomb.h">
      <Filter>FCDocument\Libraries\ForceFields</Filter>
    </ClInclude>
    <ClInclude Include="FCDocument\FCDForceTyped.h">
      <Filter>FCDocument\Libraries\ForceFields</Filter>
    </ClInclude>
    <ClInclude Include="FCDocument\FCDForceWind.h">
      <Filter>FCDocument\Libraries\ForceFields</Filter>
    </ClInclude>
    <ClInclude Include="FCDocument\FCDAsset.h">
      <Filter>FCDocument\Document</Filter>
    </ClInclude>
    <ClInclude Include="FCDocument\FCDEntityReference.h">
      <Filter>FCDocument\Document</Filter>
    </ClInclude>
    <ClInclude Include="FCDocument\FCDocument.h">
      <Filter>FCDocument\Document</Filter>
    </ClInclude>
    <ClInclude Include="FCDocument\FCDocumentTools.h">
      <Filter>FCDocument\Document</Filter>
    </ClInclude>
    <ClInclude Include="FCDocument\FCDVersion.h">
      <Filter>FCDocument\Document</Filter>
    </ClInclude>
    <ClInclude Include="FCDocument\FCDExtra.h">
      <Filter>FCDocument\Document\Extra</Filter>
    </ClInclude>
    <ClInclude Include="FCDocument\FCDExternalReferenceManager.h">
      <Filter>FCDocument\Document\External References</Filter>
    </ClInclude>
    <ClInclude Include="FCDocument\FCDPlaceHolder.h">
      <Filter>FCDocument\Document\External References</Filter>
    </ClInclude>
    <ClInclude Include="FCDocument\FCDPhysicsAnalyticalGeometry.h">
      <Filter>FCDocument\Physics</Filter>
    </ClInclude>
    <ClInclude Include="FCDocument\FCDPhysicsMaterial.h">
      <Filter>FCDocument\Physics</Filter>
    </ClInclude>
    <ClInclude Include="FCDocument\FCDPhysicsModel.h">
      <Filter>FCDocument\Physics</Filter>
    </ClInclude>
    <ClInclude Include="FCDocument\FCDPhysicsRigidBody.h">
      <Filter>FCDocument\Physics</Filter>
    </ClInclude>
    <ClInclude Include="FCDocument\FCDPhysicsRigidConstraint.h">
      <Filter>FCDocument\Physics</Filter>
    </ClInclude>
    <ClInclude Include="FCDocument\FCDPhysicsScene.h">
      <Filter>FCDocument\Physics</Filter>
    </ClInclude>
    <ClInclude Include="FCDocument\FCDPhysicsShape.h">
      <Filter>FCDocument\Physics</Filter>
    </ClInclude>
    <ClInclude Include="FCDocument\FCDPhysicsRigidBodyParameters.h">
      <Filter>FCDocument\Physics\Parameters</Filter>
    </ClInclude>
    <ClInclude Include="FCDocument\FCDEntity.h">
      <Filter>FCDocument\Scene Graph</Filter>
    </ClInclude>
    <ClInclude Include="FCDocument\FCDSceneNode.h">
      <Filter>FCDocument\Scene Graph</Filter>
    </ClInclude>
    <ClInclude Include="FCDocument\FCDSceneNodeIterator.h">
      <Filter>FCDocument\Scene Graph</Filter>
    </ClInclude>
    <ClInclude Include="FCDocument\FCDSceneNodeTools.h">
      <Filter>FCDocument\Scene Graph</Filter>
    </ClInclude>
    <ClInclude Include="FCDocument\FCDTargetedEntity.h">
      <Filter>FCDocument\Scene Graph</Filter>
    </ClInclude>
    <ClInclude Include="FCDocument\FCDTransform.h">
      <Filter>FCDocument\Scene Graph</Filter>
    </ClInclude>
    <ClInclude Include="FCDocument\FCDObject.h">
      <Filter>FCDocument\Object</Filter>
    </ClInclude>
    <ClInclude Include="FCDocument\FCDObjectWithId.h">
      <Filter>FCDocument\Object</Filter>
    </ClInclude>
    <ClInclude Include="FCollada.h">
      <Filter>FCollada</Filter>
    </ClInclude>
    <ClInclude Include="FColladaPlugin.h">
      <Filter>FCollada</Filter>
    </ClInclude>
  </ItemGroup>
  <ItemGroup>
    <ClCompile Include="FMath\FMAllocator.cpp">
      <Filter>FMath\Collection</Filter>
    </ClCompile>
    <ClCompile Include="FMath\FMArrayTest.cpp">
      <Filter>FMath\Collection</Filter>
    </ClCompile>
    <ClCompile Include="FMath\FMTreeTest.cpp">
      <Filter>FMath\Collection</Filter>
    </ClCompile>
    <ClCompile Include="FMath\FMColor.cpp">
      <Filter>FMath\Color</Filter>
    </ClCompile>
    <ClCompile Include="FMath\FMInterpolation.cpp">
      <Filter>FMath\Interpolation</Filter>
    </ClCompile>
    <ClCompile Include="FMath\FMRandom.cpp">
      <Filter>FMath\Scalar</Filter>
    </ClCompile>
    <ClCompile Include="FMath\FMVector3.cpp">
      <Filter>FMath\Vector</Filter>
    </ClCompile>
    <ClCompile Include="FMath\FMVolume.cpp">
      <Filter>FMath\Volume</Filter>
    </ClCompile>
    <ClCompile Include="FMath\FMAngleAxis.cpp">
      <Filter>FMath\Transforms</Filter>
    </ClCompile>
    <ClCompile Include="FMath\FMLookAt.cpp">
      <Filter>FMath\Transforms</Filter>
    </ClCompile>
    <ClCompile Include="FMath\FMSkew.cpp">
      <Filter>FMath\Transforms</Filter>
    </ClCompile>
    <ClCompile Include="FMath\FMMatrix33.cpp">
      <Filter>FMath\Transforms\Matrix</Filter>
    </ClCompile>
    <ClCompile Include="FMath\FMMatrix44.cpp">
      <Filter>FMath\Transforms\Matrix</Filter>
    </ClCompile>
    <ClCompile Include="FMath\FMQuaternion.cpp">
      <Filter>FMath\Transforms\Quaternion</Filter>
    </ClCompile>
    <ClCompile Include="FMath\FMQuaternionTest.cpp">
      <Filter>FMath\Transforms\Quaternion</Filter>
    </ClCompile>
    <ClCompile Include="StdAfx.cpp">
      <Filter>PCH</Filter>
    </ClCompile>
    <ClCompile Include="FUtils\FUDaeEnum.cpp">
      <Filter>FUtils</Filter>
    </ClCompile>
    <ClCompile Include="FUtils\FUUri.cpp">
      <Filter>FUtils</Filter>
    </ClCompile>
    <ClCompile Include="FUtils\FUCrc32.cpp">
      <Filter>FUtils\CRC32</Filter>
    </ClCompile>
    <ClCompile Include="FUtils\FUCrc32Test.cpp">
      <Filter>FUtils\CRC32</Filter>
    </ClCompile>
    <ClCompile Include="FUtils\FUAssert.cpp">
      <Filter>FUtils\Debug</Filter>
    </ClCompile>
    <ClCompile Include="FUtils\FUDebug.cpp">
      <Filter>FUtils\Debug</Filter>
    </ClCompile>
    <ClCompile Include="FUtils\FUTestBed.cpp">
      <Filter>FUtils\Debug</Filter>
    </ClCompile>
    <ClCompile Include="FUtils\FUPluginManager.cpp">
      <Filter>FUtils\File System\Plugins</Filter>
    </ClCompile>
    <ClCompile Include="FUtils\FUFile.cpp">
      <Filter>FUtils\File System\Files</Filter>
    </ClCompile>
    <ClCompile Include="FUtils\FUFileManager.cpp">
      <Filter>FUtils\File System\Files</Filter>
    </ClCompile>
    <ClCompile Include="FUtils\FUFileManagerTest.cpp">
      <Filter>FUtils\File System\Files</Filter>
    </ClCompile>
    <ClCompile Include="FUtils\FULogFile.cpp">
      <Filter>FUtils\File System\Files</Filter>
    </ClCompile>
    <ClCompile Include="FUtils\FUParameter.cpp">
      <Filter>FUtils\Patterns\Parameters</Filter>
    </ClCompile>
    <ClCompile Include="FUtils\FUEventTest.cpp">
      <Filter>FUtils\Patterns\Functors &amp; Events</Filter>
    </ClCompile>
    <ClCompile Include="FUtils\FUFunctorTest.cpp">
      <Filter>FUtils\Patterns\Functors &amp; Events</Filter>
    </ClCompile>
    <ClCompile Include="FUtils\FUObject.cpp">
      <Filter>FUtils\Patterns\Base Objects</Filter>
    </ClCompile>
    <ClCompile Include="FUtils\FUObjectTest.cpp">
      <Filter>FUtils\Patterns\Base Objects</Filter>
    </ClCompile>
    <ClCompile Include="FUtils\FUObjectType.cpp">
      <Filter>FUtils\Patterns\Base Objects</Filter>
    </ClCompile>
    <ClCompile Include="FUtils\FUParameterizable.cpp">
      <Filter>FUtils\Patterns\Base Objects</Filter>
    </ClCompile>
    <ClCompile Include="FUtils\FUTracker.cpp">
      <Filter>FUtils\Patterns\Base Objects</Filter>
    </ClCompile>
    <ClCompile Include="FUtils\FUStringBuilder.cpp">
      <Filter>FUtils\Strings</Filter>
    </ClCompile>
    <ClCompile Include="FUtils\FUStringBuilderTest.cpp">
      <Filter>FUtils\Strings</Filter>
    </ClCompile>
    <ClCompile Include="FUtils\FUStringConversion.cpp">
      <Filter>FUtils\Strings</Filter>
    </ClCompile>
    <ClCompile Include="FUtils\FUStringConversionTest.cpp">
      <Filter>FUtils\Strings</Filter>
    </ClCompile>
    <ClCompile Include="FUtils\FUStringTest.cpp">
      <Filter>FUtils\Strings</Filter>
    </ClCompile>
    <ClCompile Include="FUtils\FUUniqueStringMap.cpp">
      <Filter>FUtils\Strings</Filter>
    </ClCompile>
    <ClCompile Include="FUtils\FUUniqueStringMapTest.cpp">
      <Filter>FUtils\Strings</Filter>
    </ClCompile>
    <ClCompile Include="FUtils\FUBoundingBox.cpp">
      <Filter>FUtils\Structures</Filter>
    </ClCompile>
    <ClCompile Include="FUtils\FUBoundingSphere.cpp">
      <Filter>FUtils\Structures</Filter>
    </ClCompile>
    <ClCompile Include="FUtils\FUBoundingTest.cpp">
      <Filter>FUtils\Structures</Filter>
    </ClCompile>
    <ClCompile Include="FUtils\FUDateTime.cpp">
      <Filter>FUtils\Structures</Filter>
    </ClCompile>
    <ClCompile Include="FUtils\FUError.cpp">
      <Filter>FUtils\Structures</Filter>
    </ClCompile>
    <ClCompile Include="FUtils\FUErrorLog.cpp">
      <Filter>FUtils\Structures</Filter>
    </ClCompile>
    <ClCompile Include="FUtils\FUXmlDocument.cpp">
      <Filter>FUtils\XML</Filter>
    </ClCompile>
    <ClCompile Include="FUtils\FUXmlParser.cpp">
      <Filter>FUtils\XML</Filter>
    </ClCompile>
    <ClCompile Include="FUtils\FUXmlWriter.cpp">
      <Filter>FUtils\XML</Filter>
    </ClCompile>
    <ClCompile Include="FUtils\FUBase64.cpp">
      <Filter>FUtils\Base64</Filter>
    </ClCompile>
    <ClCompile Include="FUtils\FUCriticalSection.cpp">
      <Filter>FUtils\Synchronization</Filter>
    </ClCompile>
    <ClCompile Include="FUtils\FUSemaphore.cpp">
      <Filter>FUtils\Synchronization</Filter>
    </ClCompile>
    <ClCompile Include="FUtils\FUSynchronizableObject.cpp">
      <Filter>FUtils\Synchronization</Filter>
    </ClCompile>
    <ClCompile Include="FUtils\FUThread.cpp">
      <Filter>FUtils\Synchronization</Filter>
    </ClCompile>
    <ClCompile Include="FCDocument\FCDControllerInstance.cpp">
      <Filter>FCDocument\Instantiation</Filter>
    </ClCompile>
    <ClCompile Include="FCDocument\FCDEmitterInstance.cpp">
      <Filter>FCDocument\Instantiation</Filter>
    </ClCompile>
    <ClCompile Include="FCDocument\FCDEntityInstance.cpp">
      <Filter>FCDocument\Instantiation</Filter>
    </ClCompile>
    <ClCompile Include="FCDocument\FCDGeometryInstance.cpp">
      <Filter>FCDocument\Instantiation</Filter>
    </ClCompile>
    <ClCompile Include="FCDocument\FCDMaterialInstance.cpp">
      <Filter>FCDocument\Instantiation</Filter>
    </ClCompile>
    <ClCompile Include="FCDocument\FCDPhysicsForceFieldInstance.cpp">
      <Filter>FCDocument\Instantiation</Filter>
    </ClCompile>
    <ClCompile Include="FCDocument\FCDPhysicsModelInstance.cpp">
      <Filter>FCDocument\Instantiation</Filter>
    </ClCompile>
    <ClCompile Include="FCDocument\FCDPhysicsRigidBodyInstance.cpp">
      <Filter>FCDocument\Instantiation</Filter>
    </ClCompile>
    <ClCompile Include="FCDocument\FCDPhysicsRigidConstraintInstance.cpp">
      <Filter>FCDocument\Instantiation</Filter>
    </ClCompile>
    <ClCompile Include="FCDocument\FCDLibrary.cpp">
      <Filter>FCDocument\Libraries</Filter>
    </ClCompile>
    <ClCompile Include="FCDocument\FCDAnimation.cpp">
      <Filter>FCDocument\Libraries\Animations</Filter>
    </ClCompile>
    <ClCompile Include="FCDocument\FCDAnimationChannel.cpp">
      <Filter>FCDocument\Libraries\Animations</Filter>
    </ClCompile>
    <ClCompile Include="FCDocument\FCDAnimationClip.cpp">
      <Filter>FCDocument\Libraries\Animations</Filter>
    </ClCompile>
    <ClCompile Include="FCDocument\FCDAnimationClipTools.cpp">
      <Filter>FCDocument\Libraries\Animations</Filter>
    </ClCompile>
    <ClCompile Include="FCDocument\FCDAnimationCurve.cpp">
      <Filter>FCDocument\Libraries\Animations</Filter>
    </ClCompile>
    <ClCompile Include="FCDocument\FCDAnimationCurveTools.cpp">
      <Filter>FCDocument\Libraries\Animations</Filter>
    </ClCompile>
    <ClCompile Include="FCDocument\FCDAnimationKey.cpp">
      <Filter>FCDocument\Libraries\Animations</Filter>
    </ClCompile>
    <ClCompile Include="FCDocument\FCDAnimationMultiCurve.cpp">
      <Filter>FCDocument\Libraries\Animations</Filter>
    </ClCompile>
    <ClCompile Include="FCDocument\FCDAnimated.cpp">
      <Filter>FCDocument\Libraries\Animations\Animated &amp; ParameterAnimatable</Filter>
    </ClCompile>
    <ClCompile Include="FCDocument\FCDParameterAnimatable.cpp">
      <Filter>FCDocument\Libraries\Animations\Animated &amp; ParameterAnimatable</Filter>
    </ClCompile>
    <ClCompile Include="FCDocument\FCDGeometry.cpp">
      <Filter>FCDocument\Libraries\Geometries</Filter>
    </ClCompile>
    <ClCompile Include="FCDocument\FCDGeometryMesh.cpp">
      <Filter>FCDocument\Libraries\Geometries</Filter>
    </ClCompile>
    <ClCompile Include="FCDocument\FCDGeometryNURBSSurface.cpp">
      <Filter>FCDocument\Libraries\Geometries</Filter>
    </ClCompile>
    <ClCompile Include="FCDocument\FCDGeometryPolygons.cpp">
      <Filter>FCDocument\Libraries\Geometries</Filter>
    </ClCompile>
    <ClCompile Include="FCDocument\FCDGeometryPolygonsInput.cpp">
      <Filter>FCDocument\Libraries\Geometries</Filter>
    </ClCompile>
    <ClCompile Include="FCDocument\FCDGeometryPolygonsTools.cpp">
      <Filter>FCDocument\Libraries\Geometries</Filter>
    </ClCompile>
    <ClCompile Include="FCDocument\FCDGeometrySource.cpp">
      <Filter>FCDocument\Libraries\Geometries</Filter>
    </ClCompile>
    <ClCompile Include="FCDocument\FCDGeometrySpline.cpp">
      <Filter>FCDocument\Libraries\Geometries</Filter>
    </ClCompile>
    <ClCompile Include="FCDocument\FCDMaterial.cpp">
      <Filter>FCDocument\Libraries\Materials</Filter>
    </ClCompile>
    <ClCompile Include="FCDocument\FCDEffect.cpp">
      <Filter>FCDocument\Libraries\Materials\Effects</Filter>
    </ClCompile>
    <ClCompile Include="FCDocument\FCDEffectCode.cpp">
      <Filter>FCDocument\Libraries\Materials\Effects</Filter>
    </ClCompile>
    <ClCompile Include="FCDocument\FCDEffectParameter.cpp">
      <Filter>FCDocument\Libraries\Materials\Effects</Filter>
    </ClCompile>
    <ClCompile Include="FCDocument\FCDEffectParameterFactory.cpp">
      <Filter>FCDocument\Libraries\Materials\Effects</Filter>
    </ClCompile>
    <ClCompile Include="FCDocument\FCDEffectParameterSampler.cpp">
      <Filter>FCDocument\Libraries\Materials\Effects</Filter>
    </ClCompile>
    <ClCompile Include="FCDocument\FCDEffectParameterSurface.cpp">
      <Filter>FCDocument\Libraries\Materials\Effects</Filter>
    </ClCompile>
    <ClCompile Include="FCDocument\FCDEffectPass.cpp">
      <Filter>FCDocument\Libraries\Materials\Effects</Filter>
    </ClCompile>
    <ClCompile Include="FCDocument\FCDEffectPassShader.cpp">
      <Filter>FCDocument\Libraries\Materials\Effects</Filter>
    </ClCompile>
    <ClCompile Include="FCDocument\FCDEffectPassState.cpp">
      <Filter>FCDocument\Libraries\Materials\Effects</Filter>
    </ClCompile>
    <ClCompile Include="FCDocument\FCDEffectProfile.cpp">
      <Filter>FCDocument\Libraries\Materials\Effects</Filter>
    </ClCompile>
    <ClCompile Include="FCDocument\FCDEffectProfileFX.cpp">
      <Filter>FCDocument\Libraries\Materials\Effects</Filter>
    </ClCompile>
    <ClCompile Include="FCDocument\FCDEffectStandard.cpp">
      <Filter>FCDocument\Libraries\Materials\Effects</Filter>
    </ClCompile>
    <ClCompile Include="FCDocument\FCDEffectTechnique.cpp">
      <Filter>FCDocument\Libraries\Materials\Effects</Filter>
    </ClCompile>
    <ClCompile Include="FCDocument\FCDEffectTools.cpp">
      <Filter>FCDocument\Libraries\Materials\Effects</Filter>
    </ClCompile>
    <ClCompile Include="FCDocument\FCDImage.cpp">
      <Filter>FCDocument\Libraries\Materials\Images and Textures</Filter>
    </ClCompile>
    <ClCompile Include="FCDocument\FCDTexture.cpp">
      <Filter>FCDocument\Libraries\Materials\Images and Textures</Filter>
    </ClCompile>
    <ClCompile Include="FCDocument\FCDController.cpp">
      <Filter>FCDocument\Libraries\Controllers</Filter>
    </ClCompile>
    <ClCompile Include="FCDocument\FCDControllerTools.cpp">
      <Filter>FCDocument\Libraries\Controllers</Filter>
    </ClCompile>
    <ClCompile Include="FCDocument\FCDMorphController.cpp">
      <Filter>FCDocument\Libraries\Controllers</Filter>
    </ClCompile>
    <ClCompile Include="FCDocument\FCDSkinController.cpp">
      <Filter>FCDocument\Libraries\Controllers</Filter>
    </ClCompile>
    <ClCompile Include="FCDocument\FCDCamera.cpp">
      <Filter>FCDocument\Libraries\Cameras and Lights</Filter>
    </ClCompile>
    <ClCompile Include="FCDocument\FCDLight.cpp">
      <Filter>FCDocument\Libraries\Cameras and Lights</Filter>
    </ClCompile>
    <ClCompile Include="FCDocument\FCDLightTools.cpp">
      <Filter>FCDocument\Libraries\Cameras and Lights</Filter>
    </ClCompile>
    <ClCompile Include="FCDocument\FCDEmitter.cpp">
      <Filter>FCDocument\Libraries\Emitters</Filter>
    </ClCompile>
    <ClCompile Include="FCDocument\FCDEmitterObject.cpp">
      <Filter>FCDocument\Libraries\Emitters</Filter>
    </ClCompile>
    <ClCompile Include="FCDocument\FCDEmitterParticle.cpp">
      <Filter>FCDocument\Libraries\Emitters</Filter>
    </ClCompile>
    <ClCompile Include="FCDocument\FCDParticleModifier.cpp">
      <Filter>FCDocument\Libraries\Emitters</Filter>
    </ClCompile>
    <ClCompile Include="FCDocument\FCDForceDeflector.cpp">
      <Filter>FCDocument\Libraries\ForceFields</Filter>
    </ClCompile>
    <ClCompile Include="FCDocument\FCDForceDrag.cpp">
      <Filter>FCDocument\Libraries\ForceFields</Filter>
    </ClCompile>
    <ClCompile Include="FCDocument\FCDForceField.cpp">
      <Filter>FCDocument\Libraries\ForceFields</Filter>
    </ClCompile>
    <ClCompile Include="FCDocument\FCDForceGravity.cpp">
      <Filter>FCDocument\Libraries\ForceFields</Filter>
    </ClCompile>
    <ClCompile Include="FCDocument\FCDForcePBomb.cpp">
      <Filter>FCDocument\Libraries\ForceFields</Filter>
    </ClCompile>
    <ClCompile Include="FCDocument\FCDForceWind.cpp">
      <Filter>FCDocument\Libraries\ForceFields</Filter>
    </ClCompile>
    <ClCompile Include="FCDocument\FCDAsset.cpp">
      <Filter>FCDocument\Document</Filter>
    </ClCompile>
    <ClCompile Include="FCDocument\FCDEntityReference.cpp">
      <Filter>FCDocument\Document</Filter>
    </ClCompile>
    <ClCompile Include="FCDocument\FCDocument.cpp">
      <Filter>FCDocument\Document</Filter>
    </ClCompile>
    <ClCompile Include="FCDocument\FCDocumentTools.cpp">
      <Filter>FCDocument\Document</Filter>
    </ClCompile>
    <ClCompile Include="FCDocument\FCDVersion.cpp">
      <Filter>FCDocument\Document</Filter>
    </ClCompile>
    <ClCompile Include="FCDocument\FCDExtra.cpp">
      <Filter>FCDocument\Document\Extra</Filter>
    </ClCompile>
    <ClCompile Include="FCDocument\FCDExternalReferenceManager.cpp">
      <Filter>FCDocument\Document\External References</Filter>
    </ClCompile>
    <ClCompile Include="FCDocument\FCDPlaceHolder.cpp">
      <Filter>FCDocument\Document\External References</Filter>
    </ClCompile>
    <ClCompile Include="FCDocument\FCDPhysicsAnalyticalGeometry.cpp">
      <Filter>FCDocument\Physics</Filter>
    </ClCompile>
    <ClCompile Include="FCDocument\FCDPhysicsMaterial.cpp">
      <Filter>FCDocument\Physics</Filter>
    </ClCompile>
    <ClCompile Include="FCDocument\FCDPhysicsModel.cpp">
      <Filter>FCDocument\Physics</Filter>
    </ClCompile>
    <ClCompile Include="FCDocument\FCDPhysicsRigidBody.cpp">
      <Filter>FCDocument\Physics</Filter>
    </ClCompile>
    <ClCompile Include="FCDocument\FCDPhysicsRigidConstraint.cpp">
      <Filter>FCDocument\Physics</Filter>
    </ClCompile>
    <ClCompile Include="FCDocument\FCDPhysicsScene.cpp">
      <Filter>FCDocument\Physics</Filter>
    </ClCompile>
    <ClCompile Include="FCDocument\FCDPhysicsShape.cpp">
      <Filter>FCDocument\Physics</Filter>
    </ClCompile>
    <ClCompile Include="FCDocument\FCDPhysicsRigidBodyParameters.cpp">
      <Filter>FCDocument\Physics\Parameters</Filter>
    </ClCompile>
    <ClCompile Include="FCDocument\FCDEntity.cpp">
      <Filter>FCDocument\Scene Graph</Filter>
    </ClCompile>
    <ClCompile Include="FCDocument\FCDSceneNode.cpp">
      <Filter>FCDocument\Scene Graph</Filter>
    </ClCompile>
    <ClCompile Include="FCDocument\FCDSceneNodeIterator.cpp">
      <Filter>FCDocument\Scene Graph</Filter>
    </ClCompile>
    <ClCompile Include="FCDocument\FCDSceneNodeTools.cpp">
      <Filter>FCDocument\Scene Graph</Filter>
    </ClCompile>
    <ClCompile Include="FCDocument\FCDTargetedEntity.cpp">
      <Filter>FCDocument\Scene Graph</Filter>
    </ClCompile>
    <ClCompile Include="FCDocument\FCDTransform.cpp">
      <Filter>FCDocument\Scene Graph</Filter>
    </ClCompile>
    <ClCompile Include="FCDocument\FCDObject.cpp">
      <Filter>FCDocument\Object</Filter>
    </ClCompile>
    <ClCompile Include="FCDocument\FCDObjectWithId.cpp">
      <Filter>FCDocument\Object</Filter>
    </ClCompile>
    <ClCompile Include="FCollada.cpp">
      <Filter>FCollada</Filter>
    </ClCompile>
    <ClCompile Include="FColladaPlugin.cpp">
      <Filter>FCollada</Filter>
    </ClCompile>
    <ClCompile Include="DLLEntry.cpp" />
  </ItemGroup>
  <ItemGroup>
    <CustomBuild Include="FCDocument\FCDParticleModifier.h">
      <Filter>FCDocument\Libraries\Emitters</Filter>
    </CustomBuild>
  </ItemGroup>
</Project>